
Microsoft Visual Studio Solution File, Format Version 12.00
# Visual Studio Version 17
VisualStudioVersion = 17.4.33122.133
MinimumVisualStudioVersion = 10.0.40219.1
Project("{FAE04EC0-301F-11D3-BF4B-00C04F79EFBC}") = "Iot-Hub.Api", "Iot-Hub.Api\Iot-Hub.Api.csproj", "{0D2E154A-778D-411D-AE63-D6C269FF17B1}"
EndProject
Project("{FAE04EC0-301F-11D3-BF4B-00C04F79EFBC}") = "Iot-Hub.Business", "Iot-Hub.Business\Iot-Hub.Business.csproj", "{1A379194-4FBB-4D7F-96B6-4FC977311013}"
EndProject
Project("{FAE04EC0-301F-11D3-BF4B-00C04F79EFBC}") = "Iot-Hub.DataAccess", "Iot-Hub.DataAccess\Iot-Hub.DataAccess.csproj", "{6AA062EE-F5AB-463B-A3BE-1A0D5E44F1A2}"
EndProject
Global
	GlobalSection(SolutionConfigurationPlatforms) = preSolution
		Debug|Any CPU = Debug|Any CPU
		Release|Any CPU = Release|Any CPU
	EndGlobalSection
	GlobalSection(ProjectConfigurationPlatforms) = postSolution
		{0D2E154A-778D-411D-AE63-D6C269FF17B1}.Debug|Any CPU.ActiveCfg = Debug|Any CPU
		{0D2E154A-778D-411D-AE63-D6C269FF17B1}.Debug|Any CPU.Build.0 = Debug|Any CPU
		{0D2E154A-778D-411D-AE63-D6C269FF17B1}.Release|Any CPU.ActiveCfg = Release|Any CPU
		{0D2E154A-778D-411D-AE63-D6C269FF17B1}.Release|Any CPU.Build.0 = Release|Any CPU
		{1A379194-4FBB-4D7F-96B6-4FC977311013}.Debug|Any CPU.ActiveCfg = Debug|Any CPU
		{1A379194-4FBB-4D7F-96B6-4FC977311013}.Debug|Any CPU.Build.0 = Debug|Any CPU
		{1A379194-4FBB-4D7F-96B6-4FC977311013}.Release|Any CPU.ActiveCfg = Release|Any CPU
		{1A379194-4FBB-4D7F-96B6-4FC977311013}.Release|Any CPU.Build.0 = Release|Any CPU
		{6AA062EE-F5AB-463B-A3BE-1A0D5E44F1A2}.Debug|Any CPU.ActiveCfg = Debug|Any CPU
		{6AA062EE-F5AB-463B-A3BE-1A0D5E44F1A2}.Debug|Any CPU.Build.0 = Debug|Any CPU
		{6AA062EE-F5AB-463B-A3BE-1A0D5E44F1A2}.Release|Any CPU.ActiveCfg = Release|Any CPU
		{6AA062EE-F5AB-463B-A3BE-1A0D5E44F1A2}.Release|Any CPU.Build.0 = Release|Any CPU
	EndGlobalSection
	GlobalSection(SolutionProperties) = preSolution
		HideSolutionNode = FALSE
	EndGlobalSection
	GlobalSection(ExtensibilityGlobals) = postSolution
		SolutionGuid = {16DA56AE-2BD5-4838-A91F-805E3C187ECE}
	EndGlobalSection
EndGlobal
